
Microsoft Visual Studio Solution File, Format Version 12.00
# Visual Studio Version 16
VisualStudioVersion = 25.0.1706.5
MinimumVisualStudioVersion = 10.0.40219.1
Project("{FAE04EC0-301F-11D3-BF4B-00C04F79EFBC}") = "MVC", "MVC\MVC.csproj", "{F3B2B060-5448-4021-887C-2F70035AAFFA}"
EndProject
Global
	GlobalSection(SolutionConfigurationPlatforms) = preSolution
		Debug|Any CPU = Debug|Any CPU
		Release|Any CPU = Release|Any CPU
	EndGlobalSection
	GlobalSection(ProjectConfigurationPlatforms) = postSolution
		{F3B2B060-5448-4021-887C-2F70035AAFFA}.Debug|Any CPU.ActiveCfg = Debug|Any CPU
		{F3B2B060-5448-4021-887C-2F70035AAFFA}.Debug|Any CPU.Build.0 = Debug|Any CPU
		{F3B2B060-5448-4021-887C-2F70035AAFFA}.Release|Any CPU.ActiveCfg = Release|Any CPU
		{F3B2B060-5448-4021-887C-2F70035AAFFA}.Release|Any CPU.Build.0 = Release|Any CPU
	EndGlobalSection
	GlobalSection(SolutionProperties) = preSolution
		HideSolutionNode = FALSE
	EndGlobalSection
	GlobalSection(ExtensibilityGlobals) = postSolution
		SolutionGuid = {51B6DC99-5FA5-4C98-9CE1-71FB25795ED9}
	EndGlobalSection
EndGlobal
